
Microsoft Visual Studio Solution File, Format Version 12.00
# Visual Studio Version 16
VisualStudioVersion = 16.0.35229.62
MinimumVisualStudioVersion = 10.0.40219.1
Project("{FAE04EC0-301F-11D3-BF4B-00C04F79EFBC}") = "test_cube4", "test_cube4\test_cube4.csproj", "{A5F8FAEB-DDED-454B-8AF8-F517748674DB}"
EndProject
Global
	GlobalSection(SolutionConfigurationPlatforms) = preSolution
		Debug|Any CPU = Debug|Any CPU
		Release|Any CPU = Release|Any CPU
	EndGlobalSection
	GlobalSection(ProjectConfigurationPlatforms) = postSolution
		{A5F8FAEB-DDED-454B-8AF8-F517748674DB}.Debug|Any CPU.ActiveCfg = Debug|Any CPU
		{A5F8FAEB-DDED-454B-8AF8-F517748674DB}.Debug|Any CPU.Build.0 = Debug|Any CPU
		{A5F8FAEB-DDED-454B-8AF8-F517748674DB}.Release|Any CPU.ActiveCfg = Release|Any CPU
		{A5F8FAEB-DDED-454B-8AF8-F517748674DB}.Release|Any CPU.Build.0 = Release|Any CPU
	EndGlobalSection
	GlobalSection(SolutionProperties) = preSolution
		HideSolutionNode = FALSE
	EndGlobalSection
	GlobalSection(ExtensibilityGlobals) = postSolution
		SolutionGuid = {EDCDE03C-A061-4457-9C46-8D2DB40AC0B4}
	EndGlobalSection
EndGlobal
